
Microsoft Visual Studio Solution File, Format Version 12.00
# Visual Studio Version 17
VisualStudioVersion = 17.10.34928.147
MinimumVisualStudioVersion = 10.0.40219.1
Project("{FAE04EC0-301F-11D3-BF4B-00C04F79EFBC}") = "Projeto1", "Projeto1\Projeto1.csproj", "{79C72426-3AB5-44E6-8023-CCD5E4467AD8}"
EndProject
Global
	GlobalSection(SolutionConfigurationPlatforms) = preSolution
		Debug|Any CPU = Debug|Any CPU
		Release|Any CPU = Release|Any CPU
	EndGlobalSection
	GlobalSection(ProjectConfigurationPlatforms) = postSolution
		{79C72426-3AB5-44E6-8023-CCD5E4467AD8}.Debug|Any CPU.ActiveCfg = Debug|Any CPU
		{79C72426-3AB5-44E6-8023-CCD5E4467AD8}.Debug|Any CPU.Build.0 = Debug|Any CPU
		{79C72426-3AB5-44E6-8023-CCD5E4467AD8}.Release|Any CPU.ActiveCfg = Release|Any CPU
		{79C72426-3AB5-44E6-8023-CCD5E4467AD8}.Release|Any CPU.Build.0 = Release|Any CPU
	EndGlobalSection
	GlobalSection(SolutionProperties) = preSolution
		HideSolutionNode = FALSE
	EndGlobalSection
	GlobalSection(ExtensibilityGlobals) = postSolution
		SolutionGuid = {C9917F05-B5ED-43F6-8AC8-0FFE18970E9F}
	EndGlobalSection
EndGlobal
